<?xml version="1.0" encoding="utf-8"?>
<Project ToolsVersion="4.0" xmlns="http://schemas.microsoft.com/developer/msbuild/2003">
  <ItemGroup>
    <Filter Include="Source Files">
      <UniqueIdentifier>{4FC737F1-C7A5-4376-A066-2A32D752A2FF}</UniqueIdentifier>
      <Extensions>cpp;c;cc;cxx;def;odl;idl;hpj;bat;asm;asmx</Extensions>
    </Filter>
    <Filter Include="Header Files">
      <UniqueIdentifier>{93995380-89BD-4b04-88EB-625FBE52EBFB}</UniqueIdentifier>
      <Extensions>h;hpp;hxx;hm;inl;inc;xsd</Extensions>
    </Filter>
    <Filter Include="Resource Files">
      <UniqueIdentifier>{67DA6AB6-F800-4c08-8B7A-83BB121AAD01}</UniqueIdentifier>
      <Extensions>rc;ico;cur;bmp;dlg;rc2;rct;bin;rgs;gif;jpg;jpeg;jpe;resx;tiff;tif;png;wav;mfcribbon-ms</Extensions>
    </Filter>
    <Filter Include="Header Files\npapi">
      <UniqueIdentifier>{35193949-2ea0-42b0-af45-f95febb3748f}</UniqueIdentifier>
    </Filter>
    <Filter Include="Source Files\generated">
      <UniqueIdentifier>{5ead67c8-8721-4225-a2f7-83b5a17c21de}</UniqueIdentifier>
    </Filter>
    <Filter Include="Header Files\NewFilter1">
      <UniqueIdentifier>{5c207390-9012-42bb-ace3-7c83390cd429}</UniqueIdentifier>
    </Filter>
    <Filter Include="Header Files\generated">
      <UniqueIdentifier>{e49bb2ed-51e5-4279-97c3-790f3fd9ee8d}</UniqueIdentifier>
    </Filter>
  </ItemGroup>
  <ItemGroup>
    <None Include="cloudspy.def">
      <Filter>Resource Files</Filter>
    </None>
  </ItemGroup>
  <ItemGroup>
    <ClInclude Include="npapi.h">
      <Filter>Header Files\npapi</Filter>
    </ClInclude>
    <ClInclude Include="npfunctions.h">
      <Filter>Header Files\npapi</Filter>
    </ClInclude>
    <ClInclude Include="npruntime.h">
      <Filter>Header Files\npapi</Filter>
    </ClInclude>
    <ClInclude Include="nptypes.h">
      <Filter>Header Files\npapi</Filter>
    </ClInclude>
    <ClInclude Include="resource.h">
      <Filter>Header Files</Filter>
    </ClInclude>
    <ClInclude Include="cloudspyobject.h">
      <Filter>Header Files</Filter>
    </ClInclude>
    <ClInclude Include="$(IntDir)cloudspy.h">
      <Filter>Header Files\generated</Filter>
    </ClInclude>
  </ItemGroup>
  <ItemGroup>
    <ClCompile Include="cloudspyobject.cpp">
      <Filter>Source Files</Filter>
    </ClCompile>
    <ClCompile Include="cloudspyplugin.cpp">
      <Filter>Source Files</Filter>
    </ClCompile>
    <ClCompile Include="$(IntDir)cloudspyroot.c">
      <Filter>Source Files\generated</Filter>
    </ClCompile>
  </ItemGroup>
  <ItemGroup>
    <ResourceCompile Include="cloudspy.rc">
      <Filter>Resource Files</Filter>
    </ResourceCompile>
  </ItemGroup>
  <ItemGroup>
    <CustomBuild Include="cloudspyroot.vala">
      <Filter>Source Files</Filter>
    </CustomBuild>
  </ItemGroup>
</Project>